{"SurveyEntry":{"SurveyID":"SV_0DoeFz4it03sB1Q","SurveyName":"Participant Encounter Form","SurveyDescription":null,"SurveyOwnerID":"UR_8jkDKItioKjtYLb","SurveyBrandID":"umiami","DivisionID":null,"SurveyLanguage":"EN","SurveyActiveResponseSet":"RS_74n8hR6Q3Ex6QSi","SurveyStatus":"Active","SurveyStartDate":"0000-00-00 00:00:00","SurveyExpirationDate":"0000-00-00 00:00:00","SurveyCreationDate":"2026-01-22 20:47:21","CreatorID":"UR_8jkDKItioKjtYLb","LastModified":"2026-01-27 14:40:18","LastAccessed":"0000-00-00 00:00:00","LastActivated":"2026-01-27 14:32:15","Deleted":null},"SurveyElements":[{"SurveyID":"SV_0DoeFz4it03sB1Q","Element":"BL","PrimaryAttribute":"Survey Blocks","SecondaryAttribute":null,"TertiaryAttribute":null,"Payload":[{"Type":"Default","Description":"Default Question Block","ID":"BL_230eztSOdrMXjSK","BlockElements":[{"Type":"Question","QuestionID":"QID49"},{"Type":"Question","QuestionID":"QID2"},{"Type":"Question","QuestionID":"QID3"},{"Type":"Question","QuestionID":"QID4"}]},{"Type":"Trash","Description":"Trash \/ Unused Questions","ID":"BL_5gr36yYxIZlhk2y","BlockElements":[{"Type":"Question","QuestionID":"QID26"},{"Type":"Question","QuestionID":"QID1"}]},{"Type":"Standard","SubType":"","Description":"ID Code\/Demographics & ID Code Setup","ID":"BL_8B7PFiEAigngCeG","BlockElements":[{"Type":"Question","QuestionID":"QID5"},{"Type":"Question","QuestionID":"QID6"},{"Type":"Question","QuestionID":"QID7"},{"Type":"Question","QuestionID":"QID8"},{"Type":"Question","QuestionID":"QID9"},{"Type":"Question","QuestionID":"QID10"},{"Type":"Question","QuestionID":"QID11"},{"Type":"Question","QuestionID":"QID12"},{"Type":"Question","QuestionID":"QID13"},{"Type":"Question","QuestionID":"QID14"}]},{"Type":"Standard","SubType":"","Description":"Services Setup","ID":"BL_0xEhwVObVgke342","BlockElements":[{"Type":"Question","QuestionID":"QID15"},{"Type":"Question","QuestionID":"QID16"},{"Type":"Question","QuestionID":"QID17"},{"Type":"Question","QuestionID":"QID18"}]},{"Type":"Standard","SubType":"","Description":"Wound Care","ID":"BL_babGucWSoyzoVmK","BlockElements":[{"Type":"Question","QuestionID":"QID19"},{"Type":"Question","QuestionID":"QID20"}]},{"Type":"Standard","SubType":"","Description":"Overdose & Drug Checking Information","ID":"BL_2tMOmFYQZ9gAh9A","BlockElements":[{"Type":"Question","QuestionID":"QID21"},{"Type":"Question","QuestionID":"QID22"},{"Type":"Question","QuestionID":"QID23"},{"Type":"Question","QuestionID":"QID27"},{"Type":"Question","QuestionID":"QID25"},{"Type":"Question","QuestionID":"QID24"},{"Type":"Question","QuestionID":"QID28"}]},{"Type":"Standard","SubType":"","Description":"Syringe Services","ID":"BL_1NRaMMIywkrpYWO","BlockElements":[{"Type":"Question","QuestionID":"QID29"},{"Type":"Question","QuestionID":"QID31"},{"Type":"Question","QuestionID":"QID32"},{"Type":"Question","QuestionID":"QID30"}]},{"Type":"Standard","SubType":"","Description":"HIV Testing","ID":"BL_26vCcA1VzCzCxiS","BlockElements":[{"Type":"Question","QuestionID":"QID33"},{"Type":"Question","QuestionID":"QID34"},{"Type":"Question","QuestionID":"QID35"},{"Type":"Question","QuestionID":"QID36"},{"Type":"Question","QuestionID":"QID37"},{"Type":"Question","QuestionID":"QID38"},{"Type":"Question","QuestionID":"QID39"}]},{"Type":"Standard","SubType":"","Description":"HCV Testing","ID":"BL_3f9j8eMeS3RPzBY","BlockElements":[{"Type":"Question","QuestionID":"QID40"},{"Type":"Question","QuestionID":"QID41"},{"Type":"Question","QuestionID":"QID42"},{"Type":"Question","QuestionID":"QID43"},{"Type":"Question","QuestionID":"QID44"},{"Type":"Question","QuestionID":"QID45"},{"Type":"Question","QuestionID":"QID46"},{"Type":"Question","QuestionID":"QID47"}]},{"Type":"Standard","SubType":"","Description":"Encounter Notes","ID":"BL_50Sq2ERqyZ0IcN8","BlockElements":[{"Type":"Question","QuestionID":"QID48"}]}]},{"SurveyID":"SV_0DoeFz4it03sB1Q","Element":"FL","PrimaryAttribute":"Survey Flow","SecondaryAttribute":null,"TertiaryAttribute":null,"Payload":{"Flow":[{"ID":"BL_230eztSOdrMXjSK","Type":"Block","FlowID":"FL_2"},{"ID":"BL_8B7PFiEAigngCeG","Type":"Standard","FlowID":"FL_3"},{"ID":"BL_0xEhwVObVgke342","Type":"Standard","FlowID":"FL_4"},{"ID":"BL_babGucWSoyzoVmK","Type":"Standard","FlowID":"FL_5"},{"ID":"BL_2tMOmFYQZ9gAh9A","Type":"Standard","FlowID":"FL_6"},{"ID":"BL_1NRaMMIywkrpYWO","Type":"Standard","FlowID":"FL_7"},{"ID":"BL_26vCcA1VzCzCxiS","Type":"Standard","FlowID":"FL_8"},{"ID":"BL_3f9j8eMeS3RPzBY","Type":"Standard","FlowID":"FL_9"},{"ID":"BL_50Sq2ERqyZ0IcN8","Type":"Standard","FlowID":"FL_10"}],"Properties":{"Count":10},"FlowID":"FL_1","Type":"Root"}},{"SurveyID":"SV_0DoeFz4it03sB1Q","Element":"PL","PrimaryAttribute":"Preview Link","SecondaryAttribute":null,"TertiaryAttribute":null,"Payload":{"PreviewType":"Brand","PreviewID":"9f77709f-8916-4a63-8f6a-ffb9621488b9"}},{"SurveyID":"SV_0DoeFz4it03sB1Q","Element":"PROJ","PrimaryAttribute":"CORE","SecondaryAttribute":null,"TertiaryAttribute":"1.1.0","Payload":{"ProjectCategory":"CORE","SchemaVersion":"1.1.0"}},{"SurveyID":"SV_0DoeFz4it03sB1Q","Element":"QC","PrimaryAttribute":"Survey Question Count","SecondaryAttribute":"49","TertiaryAttribute":null,"Payload":null},{"SurveyID":"SV_0DoeFz4it03sB1Q","Element":"RS","PrimaryAttribute":"RS_74n8hR6Q3Ex6QSi","SecondaryAttribute":"Default Response Set","TertiaryAttribute":null,"Payload":null},{"SurveyID":"SV_0DoeFz4it03sB1Q","Element":"SCO","PrimaryAttribute":"Scoring","SecondaryAttribute":null,"TertiaryAttribute":null,"Payload":{"ScoringCategories":[],"ScoringCategoryGroups":[],"ScoringSummaryCategory":null,"ScoringSummaryAfterQuestions":0,"ScoringSummaryAfterSurvey":0,"DefaultScoringCategory":null,"AutoScoringCategory":null}},{"SurveyID":"SV_0DoeFz4it03sB1Q","Element":"SO","PrimaryAttribute":"Survey Options","SecondaryAttribute":null,"TertiaryAttribute":null,"Payload":{"BackButton":"false","SaveAndContinue":"true","SurveyProtection":"PublicSurvey","BallotBoxStuffingPrevention":"false","NoIndex":"Yes","SecureResponseFiles":"true","SurveyExpiration":"None","SurveyTermination":"DefaultMessage","Header":"","Footer":"","ProgressBarDisplay":"None","PartialData":"+1 week","ValidationMessage":"","PreviousButton":"","NextButton":"","SurveyTitle":"Qualtrics Survey | Qualtrics Experience Management","SkinLibrary":"umiami","SkinType":"component","Skin":{"brandingId":"2951967838","templateId":"*simple","overrides":null},"NewScoring":1,"SurveyMetaDescription":"The most powerful, simple and trusted way to gather experience data. Start your journey to experience management and try a free account today.","SurveyName":"Participant Encounter Form"}},{"SurveyID":"SV_0DoeFz4it03sB1Q","Element":"SQ","PrimaryAttribute":"QID1","SecondaryAttribute":"Encounter Date","TertiaryAttribute":null,"Payload":{"QuestionText":"Encounter Date","DefaultChoices":false,"DataExportTag":"Q1","QuestionID":"QID1","QuestionType":"TE","Selector":"FORM","DataVisibility":{"Private":false,"Hidden":false},"Configuration":{"QuestionDescriptionOption":"UseText"},"QuestionDescription":"Encounter Date","Validation":{"Settings":{"ForceResponse":"OFF","Type":"None"}},"GradingData":[],"Language":[],"NextChoiceId":4,"NextAnswerId":1,"SearchSource":{"AllowFreeResponse":"false"},"Choices":{"2":{"Display":"Click to write Form Field 1"}},"ChoiceOrder":["2"]}},{"SurveyID":"SV_0DoeFz4it03sB1Q","Element":"SQ","PrimaryAttribute":"QID10","SecondaryAttribute":"Gender Identity","TertiaryAttribute":null,"Payload":{"QuestionText":"Gender Identity<br>","DataExportTag":"Q10","QuestionType":"MC","Selector":"SAVR","SubSelector":"TX","DataVisibility":{"Private":false,"Hidden":false},"Configuration":{"QuestionDescriptionOption":"UseText"},"QuestionDescription":"Gender Identity","Choices":{"1":{"Display":"Woman"},"2":{"Display":"Man"},"3":{"Display":"Genderqueer"},"4":{"Display":"Non-binary"},"5":{"Display":"Agender"},"6":{"Display":"Not listed","TextEntry":"true"},"7":{"Display":"Refused or don't know"}},"ChoiceOrder":[1,2,3,4,5,6,7],"Validation":{"Settings":{"ForceResponse":"OFF","Type":"None"}},"Language":[],"NextChoiceId":8,"NextAnswerId":1,"QuestionID":"QID10"}},{"SurveyID":"SV_0DoeFz4it03sB1Q","Element":"SQ","PrimaryAttribute":"QID11","SecondaryAttribute":"Do you identify as transgender and\/or as someone of trans experience?","TertiaryAttribute":null,"Payload":{"QuestionText":"Do you identify as transgender and\/or as someone of trans experience?","DataExportTag":"Q11","QuestionType":"MC","Selector":"SAVR","SubSelector":"TX","DataVisibility":{"Private":false,"Hidden":false},"Configuration":{"QuestionDescriptionOption":"UseText"},"QuestionDescription":"Do you identify as transgender and\/or as someone of trans experience?","Choices":{"1":{"Display":"Yes"},"2":{"Display":"No"},"3":{"Display":"Refused or don't know"}},"ChoiceOrder":[1,2,3],"Validation":{"Settings":{"ForceResponse":"OFF","Type":"None"}},"Language":[],"NextChoiceId":4,"NextAnswerId":1,"QuestionID":"QID11"}},{"SurveyID":"SV_0DoeFz4it03sB1Q","Element":"SQ","PrimaryAttribute":"QID12","SecondaryAttribute":"Housing Status","TertiaryAttribute":null,"Payload":{"QuestionText":"Housing Status","DataExportTag":"Q12","QuestionType":"MC","Selector":"SAVR","SubSelector":"TX","DataVisibility":{"Private":false,"Hidden":false},"Configuration":{"QuestionDescriptionOption":"UseText"},"QuestionDescription":"Housing Status","Choices":{"1":{"Display":"Rent\/Own"},"2":{"Display":"Staying with a friend"},"3":{"Display":"Unhoused\/Motel"},"4":{"Display":"Refused or don't know"}},"ChoiceOrder":[1,2,3,4],"Validation":{"Settings":{"ForceResponse":"OFF","Type":"None"}},"Language":[],"NextChoiceId":5,"NextAnswerId":1,"QuestionID":"QID12"}},{"SurveyID":"SV_0DoeFz4it03sB1Q","Element":"SQ","PrimaryAttribute":"QID13","SecondaryAttribute":"Drug Preferences","TertiaryAttribute":null,"Payload":{"QuestionText":"Drug Preferences","DataExportTag":"Q13","QuestionType":"MC","Selector":"SAVR","SubSelector":"TX","DataVisibility":{"Private":false,"Hidden":false},"Configuration":{"QuestionDescriptionOption":"UseText"},"QuestionDescription":"Drug Preferences","Choices":{"1":{"Display":"Carfentanil"},"2":{"Display":"Cocaine"},"3":{"Display":"Crack"},"4":{"Display":"Fentanyl"},"5":{"Display":"Heroin"},"6":{"Display":"Hormones"},"7":{"Display":"Methamphetamine"},"8":{"Display":"Pain Killers"},"9":{"Display":"Prescription Opioids"},"10":{"Display":"Speedball"},"11":{"Display":"Steroids"},"12":{"Display":"Xylazine\/Tranq"},"13":{"Display":"Molly\/MDMA"},"14":{"Display":"Ketamine"},"15":{"Display":"Other","TextEntry":"true"},"16":{"Display":"Refused or don't know"}},"ChoiceOrder":[1,2,3,4,5,6,7,8,9,10,11,12,13,14,15,16],"Validation":{"Settings":{"ForceResponse":"OFF","Type":"None"}},"Language":[],"NextChoiceId":17,"NextAnswerId":1,"QuestionID":"QID13"}},{"SurveyID":"SV_0DoeFz4it03sB1Q","Element":"SQ","PrimaryAttribute":"QID14","SecondaryAttribute":"Preferred Route(s) of Administration","TertiaryAttribute":null,"Payload":{"QuestionText":"Preferred Route(s) of Administration","DataExportTag":"Q14","QuestionType":"MC","Selector":"SAVR","SubSelector":"TX","DataVisibility":{"Private":false,"Hidden":false},"Configuration":{"QuestionDescriptionOption":"UseText"},"QuestionDescription":"Preferred Route(s) of Administration","Choices":{"1":{"Display":"Inject"},"2":{"Display":"Smoke"},"3":{"Display":"Snort"},"4":{"Display":"Other","TextEntry":"true"},"5":{"Display":"Refused or don't know"}},"ChoiceOrder":[1,2,3,4,5],"Validation":{"Settings":{"ForceResponse":"OFF","Type":"None"}},"Language":[],"NextChoiceId":6,"NextAnswerId":1,"QuestionID":"QID14"}},{"SurveyID":"SV_0DoeFz4it03sB1Q","Element":"SQ","PrimaryAttribute":"QID15","SecondaryAttribute":"Who are services being provided for?","TertiaryAttribute":null,"Payload":{"QuestionText":"Who are services being provided for?","DataExportTag":"Q15","QuestionType":"MC","Selector":"SAVR","SubSelector":"TX","DataVisibility":{"Private":false,"Hidden":false},"Configuration":{"QuestionDescriptionOption":"UseText"},"QuestionDescription":"Who are services being provided for?","Choices":{"1":{"Display":"Participant"},"2":{"Display":"Other individuals"}},"ChoiceOrder":[1,2],"Validation":{"Settings":{"ForceResponse":"OFF","Type":"None"}},"Language":[],"NextChoiceId":3,"NextAnswerId":1,"QuestionID":"QID15"}},{"SurveyID":"SV_0DoeFz4it03sB1Q","Element":"SQ","PrimaryAttribute":"QID16","SecondaryAttribute":"How many other individuals?","TertiaryAttribute":null,"Payload":{"QuestionText":"How many other individuals?","DefaultChoices":false,"DataExportTag":"Q16","QuestionID":"QID16","QuestionType":"TE","Selector":"SL","DataVisibility":{"Private":false,"Hidden":false},"Configuration":{"QuestionDescriptionOption":"UseText"},"QuestionDescription":"How many other individuals?","Validation":{"Settings":{"ForceResponse":"OFF","ForceResponseType":"ON","Type":"ContentType","MinChars":"1","ContentType":"ValidNumber","ValidDateType":"DateWithFormat","ValidPhoneType":"ValidUSPhone","ValidZipType":"ValidUSZip","ValidNumber":{"Min":"1","Max":"","NumDecimals":"0"}}},"GradingData":[],"Language":[],"NextChoiceId":4,"NextAnswerId":1,"SearchSource":{"AllowFreeResponse":"false"},"DisplayLogic":{"0":{"0":{"LogicType":"Question","QuestionID":"QID15","QuestionIsInLoop":"no","ChoiceLocator":"q:\/\/QID15\/SelectableChoice\/2","Operator":"Selected","QuestionIDFromLocator":"QID15","LeftOperand":"q:\/\/QID15\/SelectableChoice\/2","Type":"Expression","Description":"<span class=\"ConjDesc\">If<\/span> <span class=\"QuestionDesc\">Who are services being provided for?<\/span> <span class=\"LeftOpDesc\">Other individuals<\/span> <span class=\"OpDesc\">Is Selected<\/span> "},"Type":"If"},"Type":"BooleanExpression","inPage":false}}},{"SurveyID":"SV_0DoeFz4it03sB1Q","Element":"SQ","PrimaryAttribute":"QID17","SecondaryAttribute":"Select all services being provided today","TertiaryAttribute":null,"Payload":{"QuestionText":"Select all services being provided today","DataExportTag":"Q17","QuestionType":"MC","Selector":"MAVR","SubSelector":"TX","DataVisibility":{"Private":false,"Hidden":false},"Configuration":{"QuestionDescriptionOption":"UseText"},"QuestionDescription":"Select all services being provided today","Choices":{"1":{"Display":"Syringe access"},"2":{"Display":"Safer smoking supplies"},"3":{"Display":"Naloxone"},"4":{"Display":"Fentanyl test strips"},"5":{"Display":"Xylazine test strips"},"6":{"Display":"Safer sex supplies"},"7":{"Display":"Wound care"},"8":{"Display":"Safety education"},"9":{"Display":"HIV testing"},"10":{"Display":"HCV testing"},"11":{"Display":"STI testing"},"12":{"Display":"Off-site or external referrals"}},"ChoiceOrder":[1,2,3,4,5,6,7,8,9,10,11,12],"Validation":{"Settings":{"ForceResponse":"OFF","Type":"None"}},"Language":[],"NextChoiceId":13,"NextAnswerId":1,"QuestionID":"QID17"}},{"SurveyID":"SV_0DoeFz4it03sB1Q","Element":"SQ","PrimaryAttribute":"QID18","SecondaryAttribute":"Off-Site or External Referrals","TertiaryAttribute":null,"Payload":{"QuestionText":"Off-Site or External Referrals","DataExportTag":"Q18","QuestionType":"MC","Selector":"MAVR","SubSelector":"TX","DataVisibility":{"Private":false,"Hidden":false},"Configuration":{"QuestionDescriptionOption":"UseText"},"QuestionDescription":"Off-Site or External Referrals","Choices":{"1":{"Display":"MOUD"},"2":{"Display":"Peer support or treatment services"}},"ChoiceOrder":[1,2],"Validation":{"Settings":{"ForceResponse":"OFF","Type":"None"}},"Language":[],"NextChoiceId":3,"NextAnswerId":1,"QuestionID":"QID18","DisplayLogic":{"0":{"0":{"LogicType":"Question","QuestionID":"QID17","QuestionIsInLoop":"no","ChoiceLocator":"q:\/\/QID17\/SelectableChoice\/12","Operator":"Selected","QuestionIDFromLocator":"QID17","LeftOperand":"q:\/\/QID17\/SelectableChoice\/12","Type":"Expression","Description":"<span class=\"ConjDesc\">If<\/span> <span class=\"QuestionDesc\">Select all services being provided today<\/span> <span class=\"LeftOpDesc\">Off-site or external referrals<\/span> <span class=\"OpDesc\">Is Selected<\/span> "},"Type":"If"},"Type":"BooleanExpression","inPage":false}}},{"SurveyID":"SV_0DoeFz4it03sB1Q","Element":"SQ","PrimaryAttribute":"QID19","SecondaryAttribute":"Wound care supplies provided?","TertiaryAttribute":null,"Payload":{"QuestionText":"Wound care supplies provided?","DefaultChoices":false,"DataExportTag":"Q19","QuestionType":"MC","Selector":"SAVR","SubSelector":"TX","DataVisibility":{"Private":false,"Hidden":false},"Configuration":{"QuestionDescriptionOption":"UseText","Autoscale":{"YScale":{"Name":"yesNo","Type":"likert","Reverse":true}}},"QuestionDescription":"Wound care supplies provided?","Choices":{"1":{"Display":"Yes"},"2":{"Display":"No"}},"ChoiceOrder":[1,2],"Validation":{"Settings":{"ForceResponse":"OFF","Type":"None"}},"GradingData":[],"Language":[],"NextChoiceId":3,"NextAnswerId":1,"QuestionID":"QID19"}},{"SurveyID":"SV_0DoeFz4it03sB1Q","Element":"SQ","PrimaryAttribute":"QID2","SecondaryAttribute":"Location","TertiaryAttribute":null,"Payload":{"QuestionText":"Location","DataExportTag":"Q2","QuestionType":"MC","Selector":"SAVR","SubSelector":"TX","DataVisibility":{"Private":false,"Hidden":false},"Configuration":{"QuestionDescriptionOption":"UseText"},"QuestionDescription":"Location","Choices":{"1":{"Display":"Fixed site"},"2":{"Display":"Mobile site"}},"ChoiceOrder":[1,2],"Validation":{"Settings":{"ForceResponse":"OFF","Type":"None"}},"Language":[],"NextChoiceId":3,"NextAnswerId":1,"QuestionID":"QID2"}},{"SurveyID":"SV_0DoeFz4it03sB1Q","Element":"SQ","PrimaryAttribute":"QID20","SecondaryAttribute":"Wound care notes","TertiaryAttribute":null,"Payload":{"QuestionText":"Wound care notes<br>","DefaultChoices":false,"DataExportTag":"Q20","QuestionType":"TE","Selector":"ML","DataVisibility":{"Private":false,"Hidden":false},"Configuration":{"QuestionDescriptionOption":"UseText"},"QuestionDescription":"Wound care notes","Validation":{"Settings":{"ForceResponse":"OFF","Type":"None"}},"GradingData":[],"Language":[],"NextChoiceId":4,"NextAnswerId":1,"SearchSource":{"AllowFreeResponse":"false"},"QuestionID":"QID20"}},{"SurveyID":"SV_0DoeFz4it03sB1Q","Element":"SQ","PrimaryAttribute":"QID21","SecondaryAttribute":"How many Fentanyl test strips were provided?","TertiaryAttribute":null,"Payload":{"QuestionText":"How many Fentanyl test strips were provided?","DefaultChoices":false,"DataExportTag":"Q21","QuestionID":"QID21","QuestionType":"TE","Selector":"SL","DataVisibility":{"Private":false,"Hidden":false},"Configuration":{"QuestionDescriptionOption":"UseText"},"QuestionDescription":"How many Fentanyl test strips were provided?","Validation":{"Settings":{"ForceResponse":"OFF","ForceResponseType":"ON","Type":"ContentType","MinChars":"1","TotalChars":"1","ContentType":"ValidNumber","ValidDateType":"DateWithFormat","ValidPhoneType":"ValidUSPhone","ValidZipType":"ValidUSZip","ValidNumber":{"Min":"","Max":"","NumDecimals":"0"}}},"GradingData":[],"Language":[],"NextChoiceId":4,"NextAnswerId":1,"SearchSource":{"AllowFreeResponse":"false"}}},{"SurveyID":"SV_0DoeFz4it03sB1Q","Element":"SQ","PrimaryAttribute":"QID22","SecondaryAttribute":"How many Xylazine test strips were provided?","TertiaryAttribute":null,"Payload":{"QuestionText":"How many Xylazine test strips were provided?","DefaultChoices":false,"DataExportTag":"Q22","QuestionType":"TE","Selector":"SL","DataVisibility":{"Private":false,"Hidden":false},"Configuration":{"QuestionDescriptionOption":"UseText"},"QuestionDescription":"How many Xylazine test strips were provided?","Validation":{"Settings":{"ForceResponse":"OFF","ForceResponseType":"ON","Type":"ContentType","MinChars":"1","TotalChars":"1","ContentType":"ValidNumber","ValidDateType":"DateWithFormat","ValidPhoneType":"ValidUSPhone","ValidZipType":"ValidUSZip","ValidNumber":{"Min":"","Max":"","NumDecimals":"0"}}},"GradingData":[],"Language":[],"NextChoiceId":4,"NextAnswerId":1,"SearchSource":{"AllowFreeResponse":"false"},"QuestionID":"QID22"}},{"SurveyID":"SV_0DoeFz4it03sB1Q","Element":"SQ","PrimaryAttribute":"QID23","SecondaryAttribute":"How many Narcan Nasal Spray kits were provided?","TertiaryAttribute":null,"Payload":{"QuestionText":"How many Narcan Nasal Spray kits were provided?","DefaultChoices":false,"DataExportTag":"Q23","QuestionType":"TE","Selector":"SL","DataVisibility":{"Private":false,"Hidden":false},"Configuration":{"QuestionDescriptionOption":"UseText"},"QuestionDescription":"How many Narcan Nasal Spray kits were provided?","Validation":{"Settings":{"ForceResponse":"OFF","ForceResponseType":"ON","Type":"ContentType","MinChars":"1","TotalChars":"1","ContentType":"ValidNumber","ValidDateType":"DateWithFormat","ValidPhoneType":"ValidUSPhone","ValidZipType":"ValidUSZip","ValidNumber":{"Min":"","Max":"","NumDecimals":"0"}}},"GradingData":[],"Language":[],"NextChoiceId":4,"NextAnswerId":1,"SearchSource":{"AllowFreeResponse":"false"},"QuestionID":"QID23"}},{"SurveyID":"SV_0DoeFz4it03sB1Q","Element":"SQ","PrimaryAttribute":"QID24","SecondaryAttribute":"How many overdoses did you witness?","TertiaryAttribute":null,"Payload":{"QuestionText":"How many overdoses did you witness?","DefaultChoices":false,"DataExportTag":"Q26","QuestionType":"TE","Selector":"SL","DataVisibility":{"Private":false,"Hidden":false},"Configuration":{"QuestionDescriptionOption":"UseText"},"QuestionDescription":"How many overdoses did you witness?","Validation":{"Settings":{"ForceResponse":"OFF","ForceResponseType":"ON","Type":"ContentType","MinChars":"1","TotalChars":"1","ContentType":"ValidNumber","ValidDateType":"DateWithFormat","ValidPhoneType":"ValidUSPhone","ValidZipType":"ValidUSZip","ValidNumber":{"Min":"","Max":"","NumDecimals":"0"}}},"GradingData":[],"Language":[],"NextChoiceId":4,"NextAnswerId":1,"SearchSource":{"AllowFreeResponse":"false"},"QuestionID":"QID24","DisplayLogic":{"0":{"0":{"LogicType":"Question","QuestionID":"QID25","QuestionIsInLoop":"no","ChoiceLocator":"q:\/\/QID25\/SelectableChoice\/1","Operator":"Selected","QuestionIDFromLocator":"QID25","LeftOperand":"q:\/\/QID25\/SelectableChoice\/1","Type":"Expression","Description":"<span class=\"ConjDesc\">If<\/span> <span class=\"QuestionDesc\">In the past month, have you witnessed an overdose?<\/span> <span class=\"LeftOpDesc\">Yes<\/span> <span class=\"OpDesc\">Is Selected<\/span> "},"Type":"If"},"Type":"BooleanExpression","inPage":false}}},{"SurveyID":"SV_0DoeFz4it03sB1Q","Element":"SQ","PrimaryAttribute":"QID25","SecondaryAttribute":"In the past month, have you witnessed an overdose?","TertiaryAttribute":null,"Payload":{"QuestionText":"In the past month, have you witnessed an overdose?","DataExportTag":"Q25","QuestionType":"MC","Selector":"SAVR","SubSelector":"TX","DataVisibility":{"Private":false,"Hidden":false},"Configuration":{"QuestionDescriptionOption":"UseText","Autoscale":{"YScale":{"Name":"yesNo","Type":"likert","Reverse":true}}},"QuestionDescription":"In the past month, have you witnessed an overdose?","Choices":{"1":{"Display":"Yes"},"2":{"Display":"No"}},"ChoiceOrder":[1,2],"Validation":{"Settings":{"ForceResponse":"OFF","Type":"None"}},"Language":[],"NextChoiceId":3,"NextAnswerId":1,"QuestionID":"QID25"}},{"SurveyID":"SV_0DoeFz4it03sB1Q","Element":"SQ","PrimaryAttribute":"QID26","SecondaryAttribute":"How many overdoses did you witness?","TertiaryAttribute":null,"Payload":{"QuestionText":"How many overdoses did you witness?","DataExportTag":"Q26","QuestionType":"MC","Selector":"SAVR","SubSelector":"TX","DataVisibility":{"Private":false,"Hidden":false},"Configuration":{"QuestionDescriptionOption":"UseText"},"QuestionDescription":"How many overdoses did you witness?","Choices":{"1":{"Display":"Click to write Choice 1"},"2":{"Display":"Click to write Choice 2"},"3":{"Display":"Click to write Choice 3"}},"ChoiceOrder":["1","2","3"],"Validation":{"Settings":{"ForceResponse":"OFF","Type":"None"}},"Language":[],"NextChoiceId":4,"NextAnswerId":1,"QuestionID":"QID26"}},{"SurveyID":"SV_0DoeFz4it03sB1Q","Element":"SQ","PrimaryAttribute":"QID27","SecondaryAttribute":"How many Naloxone Intramuscular (IM) kits were provided?","TertiaryAttribute":null,"Payload":{"QuestionText":"How many Naloxone Intramuscular (IM) kits were provided?","DefaultChoices":false,"DataExportTag":"Q24","QuestionType":"TE","Selector":"SL","DataVisibility":{"Private":false,"Hidden":false},"Configuration":{"QuestionDescriptionOption":"UseText"},"QuestionDescription":"How many Naloxone Intramuscular (IM) kits were provided?","Validation":{"Settings":{"ForceResponse":"OFF","ForceResponseType":"ON","Type":"ContentType","MinChars":"1","TotalChars":"1","ContentType":"ValidNumber","ValidDateType":"DateWithFormat","ValidPhoneType":"ValidUSPhone","ValidZipType":"ValidUSZip","ValidNumber":{"Min":"","Max":"","NumDecimals":"0"}}},"GradingData":[],"Language":[],"NextChoiceId":4,"NextAnswerId":1,"SearchSource":{"AllowFreeResponse":"false"},"QuestionID":"QID27"}},{"SurveyID":"SV_0DoeFz4it03sB1Q","Element":"SQ","PrimaryAttribute":"QID28","SecondaryAttribute":"How many overdose reversals did you witness?","TertiaryAttribute":null,"Payload":{"QuestionText":"How many overdose reversals did you witness?","DefaultChoices":false,"DataExportTag":"Q27","QuestionType":"TE","Selector":"SL","DataVisibility":{"Private":false,"Hidden":false},"Configuration":{"QuestionDescriptionOption":"UseText"},"QuestionDescription":"How many overdose reversals did you witness?","Validation":{"Settings":{"ForceResponse":"OFF","ForceResponseType":"ON","Type":"ContentType","MinChars":"1","TotalChars":"1","ContentType":"ValidNumber","ValidDateType":"DateWithFormat","ValidPhoneType":"ValidUSPhone","ValidZipType":"ValidUSZip","ValidNumber":{"Min":"","Max":"","NumDecimals":"0"}}},"GradingData":[],"Language":[],"NextChoiceId":4,"NextAnswerId":1,"SearchSource":{"AllowFreeResponse":"false"},"QuestionID":"QID28","DisplayLogic":{"0":{"0":{"LogicType":"Question","QuestionID":"QID25","QuestionIsInLoop":"no","ChoiceLocator":"q:\/\/QID25\/SelectableChoice\/1","Operator":"Selected","QuestionIDFromLocator":"QID25","LeftOperand":"q:\/\/QID25\/SelectableChoice\/1","Type":"Expression","Description":"<span class=\"ConjDesc\">If<\/span> <span class=\"QuestionDesc\">In the past month, have you witnessed an overdose?<\/span> <span class=\"LeftOpDesc\">Yes<\/span> <span class=\"OpDesc\">Is Selected<\/span> "},"Type":"If"},"Type":"BooleanExpression","inPage":false}}},{"SurveyID":"SV_0DoeFz4it03sB1Q","Element":"SQ","PrimaryAttribute":"QID29","SecondaryAttribute":"Total Needles Returned","TertiaryAttribute":null,"Payload":{"QuestionText":"Total Needles Returned","DefaultChoices":false,"DataExportTag":"Q29","QuestionID":"QID29","QuestionType":"TE","Selector":"SL","DataVisibility":{"Private":false,"Hidden":false},"Configuration":{"QuestionDescriptionOption":"UseText"},"QuestionDescription":"Total Needles Returned","Validation":{"Settings":{"ForceResponse":"OFF","ForceResponseType":"ON","Type":"ContentType","MinChars":"1","ContentType":"ValidNumber","ValidDateType":"DateWithFormat","ValidPhoneType":"ValidUSPhone","ValidZipType":"ValidUSZip","ValidNumber":{"Min":"","Max":"","NumDecimals":"0"}}},"GradingData":[],"Language":[],"NextChoiceId":4,"NextAnswerId":1,"SearchSource":{"AllowFreeResponse":"false"}}},{"SurveyID":"SV_0DoeFz4it03sB1Q","Element":"SQ","PrimaryAttribute":"QID3","SecondaryAttribute":"Form completed by","TertiaryAttribute":null,"Payload":{"QuestionText":"Form completed by","DataExportTag":"Q3","QuestionType":"MC","Selector":"SAVR","SubSelector":"TX","DataVisibility":{"Private":false,"Hidden":false},"Configuration":{"QuestionDescriptionOption":"UseText"},"QuestionDescription":"Form completed by","Choices":{"1":{"Display":"Person A"},"2":{"Display":"Person B"},"3":{"Display":"Person C"}},"ChoiceOrder":["1","2","3"],"Validation":{"Settings":{"ForceResponse":"OFF","Type":"None"}},"Language":[],"NextChoiceId":4,"NextAnswerId":1,"QuestionID":"QID3"}},{"SurveyID":"SV_0DoeFz4it03sB1Q","Element":"SQ","PrimaryAttribute":"QID30","SecondaryAttribute":"Injection works provided?","TertiaryAttribute":null,"Payload":{"QuestionText":"Injection works provided?","DataExportTag":"Q30","QuestionType":"MC","Selector":"SAVR","SubSelector":"TX","DataVisibility":{"Private":false,"Hidden":false},"Configuration":{"QuestionDescriptionOption":"UseText","Autoscale":{"YScale":{"Name":"yesNo","Type":"likert","Reverse":true}}},"QuestionDescription":"Injection works provided?","Choices":{"1":{"Display":"Yes"},"2":{"Display":"No"}},"ChoiceOrder":[1,2],"Validation":{"Settings":{"ForceResponse":"OFF","Type":"None"}},"Language":[],"NextChoiceId":3,"NextAnswerId":1,"QuestionID":"QID30"}},{"SurveyID":"SV_0DoeFz4it03sB1Q","Element":"SQ","PrimaryAttribute":"QID31","SecondaryAttribute":"Count of Needles Out: Shorts","TertiaryAttribute":null,"Payload":{"QuestionText":"Count of Needles Out: Shorts","DefaultChoices":false,"DataExportTag":"Q31","QuestionType":"TE","Selector":"SL","DataVisibility":{"Private":false,"Hidden":false},"Configuration":{"QuestionDescriptionOption":"UseText"},"QuestionDescription":"Count of Needles Out: Shorts","Validation":{"Settings":{"ForceResponse":"OFF","ForceResponseType":"ON","Type":"ContentType","MinChars":"1","ContentType":"ValidNumber","ValidDateType":"DateWithFormat","ValidPhoneType":"ValidUSPhone","ValidZipType":"ValidUSZip","ValidNumber":{"Min":"","Max":"","NumDecimals":"0"}}},"GradingData":[],"Language":[],"NextChoiceId":4,"NextAnswerId":1,"SearchSource":{"AllowFreeResponse":"false"},"QuestionID":"QID31"}},{"SurveyID":"SV_0DoeFz4it03sB1Q","Element":"SQ","PrimaryAttribute":"QID32","SecondaryAttribute":"Count of Needles Out: Longs","TertiaryAttribute":null,"Payload":{"QuestionText":"Count of Needles Out: Longs","DefaultChoices":false,"DataExportTag":"Q32","QuestionType":"TE","Selector":"SL","DataVisibility":{"Private":false,"Hidden":false},"Configuration":{"QuestionDescriptionOption":"UseText"},"QuestionDescription":"Count of Needles Out: Longs","Validation":{"Settings":{"ForceResponse":"OFF","ForceResponseType":"ON","Type":"ContentType","MinChars":"1","ContentType":"ValidNumber","ValidDateType":"DateWithFormat","ValidPhoneType":"ValidUSPhone","ValidZipType":"ValidUSZip","ValidNumber":{"Min":"","Max":"","NumDecimals":"0"}}},"GradingData":[],"Language":[],"NextChoiceId":4,"NextAnswerId":1,"SearchSource":{"AllowFreeResponse":"false"},"QuestionID":"QID32"}},{"SurveyID":"SV_0DoeFz4it03sB1Q","Element":"SQ","PrimaryAttribute":"QID33","SecondaryAttribute":"Result of Most Recent HIV Test","TertiaryAttribute":null,"Payload":{"QuestionText":"Result of Most Recent HIV Test","DefaultChoices":false,"DataExportTag":"Q33","QuestionType":"MC","Selector":"SAVR","SubSelector":"TX","DataVisibility":{"Private":false,"Hidden":false},"Configuration":{"QuestionDescriptionOption":"UseText"},"QuestionDescription":"Result of Most Recent HIV Test","Choices":{"1":{"Display":"Positive"},"2":{"Display":"Negative"},"3":{"Display":"Never tested"},"4":{"Display":"Refused or don't know"}},"ChoiceOrder":[1,2,3,4],"Validation":{"Settings":{"ForceResponse":"OFF","Type":"None"}},"GradingData":[],"Language":[],"NextChoiceId":5,"NextAnswerId":1,"QuestionID":"QID33"}},{"SurveyID":"SV_0DoeFz4it03sB1Q","Element":"SQ","PrimaryAttribute":"QID34","SecondaryAttribute":"Are you currently receiving HIV treatment?","TertiaryAttribute":null,"Payload":{"QuestionText":"Are you currently receiving HIV treatment?","DataExportTag":"Q34","QuestionType":"MC","Selector":"SAVR","SubSelector":"TX","DataVisibility":{"Private":false,"Hidden":false},"Configuration":{"QuestionDescriptionOption":"UseText"},"QuestionDescription":"Are you currently receiving HIV treatment?","Choices":{"1":{"Display":"Yes"},"2":{"Display":"No"}},"ChoiceOrder":[1,2],"Validation":{"Settings":{"ForceResponse":"OFF","Type":"None"}},"Language":[],"NextChoiceId":3,"NextAnswerId":1,"QuestionID":"QID34","DisplayLogic":{"0":{"0":{"LogicType":"Question","QuestionID":"QID33","QuestionIsInLoop":"no","ChoiceLocator":"q:\/\/QID33\/SelectableChoice\/1","Operator":"Selected","QuestionIDFromLocator":"QID33","LeftOperand":"q:\/\/QID33\/SelectableChoice\/1","Type":"Expression","Description":"<span class=\"ConjDesc\">If<\/span> <span class=\"QuestionDesc\">Result of Most Recent HIV Test<\/span> <span class=\"LeftOpDesc\">Positive<\/span> <span class=\"OpDesc\">Is Selected<\/span> "},"Type":"If"},"Type":"BooleanExpression","inPage":false}}},{"SurveyID":"SV_0DoeFz4it03sB1Q","Element":"SQ","PrimaryAttribute":"QID35","SecondaryAttribute":"Agrees to HIV test today?","TertiaryAttribute":null,"Payload":{"QuestionText":"Agrees to HIV test today?","DataExportTag":"Q35","QuestionType":"MC","Selector":"SAVR","SubSelector":"TX","DataVisibility":{"Private":false,"Hidden":false},"Configuration":{"QuestionDescriptionOption":"UseText"},"QuestionDescription":"Agrees to HIV test today?","Choices":{"3":{"Display":"Yes"},"4":{"Display":"No"},"5":{"Display":"N\/A - disclosed HIV positive status"}},"ChoiceOrder":["3","4","5"],"Validation":{"Settings":{"ForceResponse":"OFF","Type":"None"}},"Language":[],"NextChoiceId":6,"NextAnswerId":1,"QuestionID":"QID35"}},{"SurveyID":"SV_0DoeFz4it03sB1Q","Element":"SQ","PrimaryAttribute":"QID36","SecondaryAttribute":"HIV Rapid Test Brand","TertiaryAttribute":null,"Payload":{"QuestionText":"HIV Rapid Test Brand","DataExportTag":"Q36","QuestionType":"MC","Selector":"SAVR","SubSelector":"TX","DataVisibility":{"Private":false,"Hidden":false},"Configuration":{"QuestionDescriptionOption":"UseText"},"QuestionDescription":"HIV Rapid Test Brand","Choices":{"1":{"Display":"OraQuick"},"2":{"Display":"SureCheck"},"3":{"Display":"Clearview"},"4":{"Display":"Chembio"},"5":{"Display":"Insti"}},"ChoiceOrder":[1,2,3,4,5],"Validation":{"Settings":{"ForceResponse":"OFF","Type":"None"}},"Language":[],"NextChoiceId":6,"NextAnswerId":1,"QuestionID":"QID36","DisplayLogic":{"0":{"0":{"LogicType":"Question","QuestionID":"QID35","QuestionIsInLoop":"no","ChoiceLocator":"q:\/\/QID35\/SelectableChoice\/3","Operator":"Selected","QuestionIDFromLocator":"QID35","LeftOperand":"q:\/\/QID35\/SelectableChoice\/3","Type":"Expression","Description":"<span class=\"ConjDesc\">If<\/span> <span class=\"QuestionDesc\">Agrees to HIV test today?<\/span> <span class=\"LeftOpDesc\">Yes<\/span> <span class=\"OpDesc\">Is Selected<\/span> "},"Type":"If"},"Type":"BooleanExpression","inPage":false}}},{"SurveyID":"SV_0DoeFz4it03sB1Q","Element":"SQ","PrimaryAttribute":"QID37","SecondaryAttribute":"HIV Rapid Result Today","TertiaryAttribute":null,"Payload":{"QuestionText":"HIV Rapid Result Today","DataExportTag":"Q37","QuestionType":"MC","Selector":"SAVR","SubSelector":"TX","DataVisibility":{"Private":false,"Hidden":false},"Configuration":{"QuestionDescriptionOption":"UseText"},"QuestionDescription":"HIV Rapid Result Today","Choices":{"1":{"Display":"Positive"},"2":{"Display":"Negative"},"3":{"Display":"Inconclusive or invalid"}},"ChoiceOrder":["1","2","3"],"Validation":{"Settings":{"ForceResponse":"OFF","Type":"None"}},"Language":[],"NextChoiceId":4,"NextAnswerId":1,"QuestionID":"QID37","DisplayLogic":{"0":{"0":{"LogicType":"Question","QuestionID":"QID35","QuestionIsInLoop":"no","ChoiceLocator":"q:\/\/QID35\/SelectableChoice\/3","Operator":"Selected","QuestionIDFromLocator":"QID35","LeftOperand":"q:\/\/QID35\/SelectableChoice\/3","Type":"Expression","Description":"<span class=\"ConjDesc\">If<\/span> <span class=\"QuestionDesc\">Agrees to HIV test today?<\/span> <span class=\"LeftOpDesc\">Yes<\/span> <span class=\"OpDesc\">Is Selected<\/span> "},"Type":"If"},"Type":"BooleanExpression","inPage":false}}},{"SurveyID":"SV_0DoeFz4it03sB1Q","Element":"SQ","PrimaryAttribute":"QID38","SecondaryAttribute":"Linked to HIV Care?","TertiaryAttribute":null,"Payload":{"QuestionText":"Linked to HIV Care?","DataExportTag":"Q38","QuestionType":"MC","Selector":"SAVR","SubSelector":"TX","DataVisibility":{"Private":false,"Hidden":false},"Configuration":{"QuestionDescriptionOption":"UseText"},"QuestionDescription":"Linked to HIV Care?","Choices":{"1":{"Display":"Yes"},"2":{"Display":"No"},"3":{"Display":"Pending"}},"ChoiceOrder":["1","2","3"],"Validation":{"Settings":{"ForceResponse":"OFF","Type":"None"}},"Language":[],"NextChoiceId":4,"NextAnswerId":1,"QuestionID":"QID38","DisplayLogic":{"0":{"0":{"LogicType":"Question","QuestionID":"QID37","QuestionIsInLoop":"no","ChoiceLocator":"q:\/\/QID37\/SelectableChoice\/1","Operator":"Selected","QuestionIDFromLocator":"QID37","LeftOperand":"q:\/\/QID37\/SelectableChoice\/1","Type":"Expression","Description":"<span class=\"ConjDesc\">If<\/span> <span class=\"QuestionDesc\">HIV Rapid Result Today<\/span> <span class=\"LeftOpDesc\">Positive<\/span> <span class=\"OpDesc\">Is Selected<\/span> "},"Type":"If"},"Type":"BooleanExpression","inPage":false}}},{"SurveyID":"SV_0DoeFz4it03sB1Q","Element":"SQ","PrimaryAttribute":"QID39","SecondaryAttribute":"Linked to Comprehensive Preventative Services (CPS)?","TertiaryAttribute":null,"Payload":{"QuestionText":"Linked to Comprehensive Preventative Services (CPS)?","DataExportTag":"Q39","QuestionType":"MC","Selector":"SAVR","SubSelector":"TX","DataVisibility":{"Private":false,"Hidden":false},"Configuration":{"QuestionDescriptionOption":"UseText"},"QuestionDescription":"Linked to Comprehensive Preventative Services (CPS)?","Choices":{"1":{"Display":"Yes"},"2":{"Display":"No"},"3":{"Display":"Pending"}},"ChoiceOrder":["1","2","3"],"Validation":{"Settings":{"ForceResponse":"OFF","Type":"None"}},"Language":[],"NextChoiceId":4,"NextAnswerId":1,"QuestionID":"QID39","DisplayLogic":{"0":{"0":{"LogicType":"Question","QuestionID":"QID37","QuestionIsInLoop":"no","ChoiceLocator":"q:\/\/QID37\/SelectableChoice\/2","Operator":"Selected","QuestionIDFromLocator":"QID37","LeftOperand":"q:\/\/QID37\/SelectableChoice\/2","Type":"Expression","Description":"<span class=\"ConjDesc\">If<\/span> <span class=\"QuestionDesc\">HIV Rapid Result Today<\/span> <span class=\"LeftOpDesc\">Negative<\/span> <span class=\"OpDesc\">Is Selected<\/span> "},"Type":"If"},"Type":"BooleanExpression","inPage":false}}},{"SurveyID":"SV_0DoeFz4it03sB1Q","Element":"SQ","PrimaryAttribute":"QID4","SecondaryAttribute":"Existing participant?","TertiaryAttribute":null,"Payload":{"QuestionText":"Existing participant?","DataExportTag":"Q4","QuestionType":"MC","Selector":"SAVR","SubSelector":"TX","DataVisibility":{"Private":false,"Hidden":false},"Configuration":{"QuestionDescriptionOption":"UseText"},"QuestionDescription":"Existing participant?","Choices":{"1":{"Display":"Yes"},"2":{"Display":"No"}},"ChoiceOrder":[1,2],"Validation":{"Settings":{"ForceResponse":"OFF","Type":"None"}},"Language":[],"NextChoiceId":3,"NextAnswerId":1,"QuestionID":"QID4"}},{"SurveyID":"SV_0DoeFz4it03sB1Q","Element":"SQ","PrimaryAttribute":"QID40","SecondaryAttribute":"Result of Most Recent HCV Test","TertiaryAttribute":null,"Payload":{"QuestionText":"Result of Most Recent HCV Test","DefaultChoices":false,"DataExportTag":"Q40","QuestionType":"MC","Selector":"SAVR","SubSelector":"TX","DataVisibility":{"Private":false,"Hidden":false},"Configuration":{"QuestionDescriptionOption":"UseText"},"QuestionDescription":"Result of Most Recent HCV Test","Choices":{"1":{"Display":"Positive"},"2":{"Display":"Negative"},"3":{"Display":"Never tested"},"4":{"Display":"Refused or don't know"}},"ChoiceOrder":[1,2,3,4],"Validation":{"Settings":{"ForceResponse":"OFF","Type":"None"}},"GradingData":[],"Language":[],"NextChoiceId":5,"NextAnswerId":1,"QuestionID":"QID40"}},{"SurveyID":"SV_0DoeFz4it03sB1Q","Element":"SQ","PrimaryAttribute":"QID41","SecondaryAttribute":"Did you receive Hepatitis C (HCV) treatment?","TertiaryAttribute":null,"Payload":{"QuestionText":"Did you receive Hepatitis C (HCV) treatment?","DataExportTag":"Q41","QuestionType":"MC","Selector":"SAVR","SubSelector":"TX","DataVisibility":{"Private":false,"Hidden":false},"Configuration":{"QuestionDescriptionOption":"UseText"},"QuestionDescription":"Did you receive Hepatitis C (HCV) treatment?","Choices":{"1":{"Display":"Yes"},"2":{"Display":"No"}},"ChoiceOrder":[1,2],"Validation":{"Settings":{"ForceResponse":"OFF","Type":"None"}},"Language":[],"NextChoiceId":3,"NextAnswerId":1,"QuestionID":"QID41","DisplayLogic":{"0":{"0":{"LogicType":"Question","QuestionID":"QID40","QuestionIsInLoop":"no","ChoiceLocator":"q:\/\/QID40\/SelectableChoice\/1","Operator":"Selected","QuestionIDFromLocator":"QID40","LeftOperand":"q:\/\/QID40\/SelectableChoice\/1","Type":"Expression","Description":"<span class=\"ConjDesc\">If<\/span> <span class=\"QuestionDesc\">Result of Most Recent HCV Test<\/span> <span class=\"LeftOpDesc\">Positive<\/span> <span class=\"OpDesc\">Is Selected<\/span> "},"Type":"If"},"Type":"BooleanExpression","inPage":false}}},{"SurveyID":"SV_0DoeFz4it03sB1Q","Element":"SQ","PrimaryAttribute":"QID42","SecondaryAttribute":"Agrees to HCV test today?","TertiaryAttribute":null,"Payload":{"QuestionText":"Agrees to HCV test today?","DataExportTag":"Q42","QuestionType":"MC","Selector":"SAVR","SubSelector":"TX","DataVisibility":{"Private":false,"Hidden":false},"Configuration":{"QuestionDescriptionOption":"UseText"},"QuestionDescription":"Agrees to HCV test today?","Choices":{"1":{"Display":"Yes"},"2":{"Display":"No"},"3":{"Display":"N\/A - disclosed HCV positive status"}},"ChoiceOrder":[1,2,3],"Validation":{"Settings":{"ForceResponse":"OFF","Type":"None"}},"Language":[],"NextChoiceId":4,"NextAnswerId":1,"QuestionID":"QID42"}},{"SurveyID":"SV_0DoeFz4it03sB1Q","Element":"SQ","PrimaryAttribute":"QID43","SecondaryAttribute":"HCV Test Result Today","TertiaryAttribute":null,"Payload":{"QuestionText":"HCV Test Result Today","DataExportTag":"Q43","QuestionType":"MC","Selector":"SAVR","SubSelector":"TX","DataVisibility":{"Private":false,"Hidden":false},"Configuration":{"QuestionDescriptionOption":"UseText"},"QuestionDescription":"HCV Test Result Today","Choices":{"1":{"Display":"Positive"},"2":{"Display":"Negative"},"3":{"Display":"Inconclusive or invalid"}},"ChoiceOrder":["1","2","3"],"Validation":{"Settings":{"ForceResponse":"OFF","Type":"None"}},"Language":[],"NextChoiceId":4,"NextAnswerId":1,"QuestionID":"QID43"}},{"SurveyID":"SV_0DoeFz4it03sB1Q","Element":"SQ","PrimaryAttribute":"QID44","SecondaryAttribute":"Linked to HCV Care?","TertiaryAttribute":null,"Payload":{"QuestionText":"Linked to HCV Care?","DataExportTag":"Q44","QuestionType":"MC","Selector":"SAVR","SubSelector":"TX","DataVisibility":{"Private":false,"Hidden":false},"Configuration":{"QuestionDescriptionOption":"UseText"},"QuestionDescription":"Linked to HCV Care?","Choices":{"1":{"Display":"Yes"},"2":{"Display":"No"},"3":{"Display":"Pending"}},"ChoiceOrder":["1","2","3"],"Validation":{"Settings":{"ForceResponse":"OFF","Type":"None"}},"Language":[],"NextChoiceId":4,"NextAnswerId":1,"QuestionID":"QID44","DisplayLogic":{"0":{"0":{"LogicType":"Question","QuestionID":"QID43","QuestionIsInLoop":"no","ChoiceLocator":"q:\/\/QID43\/SelectableChoice\/1","Operator":"Selected","QuestionIDFromLocator":"QID43","LeftOperand":"q:\/\/QID43\/SelectableChoice\/1","Type":"Expression","Description":"<span class=\"ConjDesc\">If<\/span> <span class=\"QuestionDesc\">HCV Test Result Today<\/span> <span class=\"LeftOpDesc\">Positive<\/span> <span class=\"OpDesc\">Is Selected<\/span> "},"Type":"If"},"Type":"BooleanExpression","inPage":false}}},{"SurveyID":"SV_0DoeFz4it03sB1Q","Element":"SQ","PrimaryAttribute":"QID45","SecondaryAttribute":"Linked to Comprehensive Preventative Services (CPS)?","TertiaryAttribute":null,"Payload":{"QuestionText":"Linked to Comprehensive Preventative Services (CPS)?","DataExportTag":"Q45","QuestionType":"MC","Selector":"SAVR","SubSelector":"TX","DataVisibility":{"Private":false,"Hidden":false},"Configuration":{"QuestionDescriptionOption":"UseText"},"QuestionDescription":"Linked to Comprehensive Preventative Services (CPS)?","Choices":{"1":{"Display":"Yes"},"2":{"Display":"No"},"3":{"Display":"Pending"}},"DisplayLogic":{"0":{"0":{"LogicType":"Question","QuestionID":"QID43","QuestionIsInLoop":"no","ChoiceLocator":"q:\/\/QID43\/SelectableChoice\/2","Operator":"Selected","QuestionIDFromLocator":"QID43","LeftOperand":"q:\/\/QID43\/SelectableChoice\/2","Type":"Expression","Description":"<span class=\"ConjDesc\">If<\/span> <span class=\"QuestionDesc\">HCV Test Result Today<\/span> <span class=\"LeftOpDesc\">Negative<\/span> <span class=\"OpDesc\">Is Selected<\/span> "},"Type":"If"},"Type":"BooleanExpression","inPage":false},"ChoiceOrder":["1","2","3"],"Validation":{"Settings":{"ForceResponse":"OFF","Type":"None"}},"Language":[],"NextChoiceId":4,"NextAnswerId":1,"QuestionID":"QID45"}},{"SurveyID":"SV_0DoeFz4it03sB1Q","Element":"SQ","PrimaryAttribute":"QID46","SecondaryAttribute":"Agrees to HCV RNA test today?","TertiaryAttribute":null,"Payload":{"QuestionText":"Agrees to HCV RNA test today?","DataExportTag":"Q46","QuestionType":"MC","Selector":"SAVR","SubSelector":"TX","DataVisibility":{"Private":false,"Hidden":false},"Configuration":{"QuestionDescriptionOption":"UseText"},"QuestionDescription":"Agrees to HCV RNA test today?","Choices":{"1":{"Display":"Yes"},"2":{"Display":"No"}},"DisplayLogic":{"0":{"0":{"LogicType":"Question","QuestionID":"QID43","QuestionIsInLoop":"no","ChoiceLocator":"q:\/\/QID43\/SelectableChoice\/1","Operator":"Selected","QuestionIDFromLocator":"QID43","LeftOperand":"q:\/\/QID43\/SelectableChoice\/1","Type":"Expression","Description":"<span class=\"ConjDesc\">If<\/span> <span class=\"QuestionDesc\">HCV Test Result Today<\/span> <span class=\"LeftOpDesc\">Positive<\/span> <span class=\"OpDesc\">Is Selected<\/span> "},"Type":"If"},"Type":"BooleanExpression","inPage":false},"ChoiceOrder":[1,2],"Validation":{"Settings":{"ForceResponse":"OFF","Type":"None"}},"Language":[],"NextChoiceId":3,"NextAnswerId":1,"QuestionID":"QID46"}},{"SurveyID":"SV_0DoeFz4it03sB1Q","Element":"SQ","PrimaryAttribute":"QID47","SecondaryAttribute":"HCV RNA Result","TertiaryAttribute":null,"Payload":{"QuestionText":"HCV RNA Result","DataExportTag":"Q47","QuestionType":"MC","Selector":"SAVR","SubSelector":"TX","DataVisibility":{"Private":false,"Hidden":false},"Configuration":{"QuestionDescriptionOption":"UseText"},"QuestionDescription":"HCV RNA Result","Choices":{"1":{"Display":"HCV Detected"},"2":{"Display":"HCV Not Detected"},"3":{"Display":"Inconclusive or invalid"}},"ChoiceOrder":["1","2","3"],"Validation":{"Settings":{"ForceResponse":"OFF","Type":"None"}},"Language":[],"NextChoiceId":4,"NextAnswerId":1,"QuestionID":"QID47","DisplayLogic":{"0":{"0":{"LogicType":"Question","QuestionID":"QID46","QuestionIsInLoop":"no","ChoiceLocator":"q:\/\/QID46\/SelectableChoice\/1","Operator":"Selected","QuestionIDFromLocator":"QID46","LeftOperand":"q:\/\/QID46\/SelectableChoice\/1","Type":"Expression","Description":"<span class=\"ConjDesc\">If<\/span> <span class=\"QuestionDesc\">Agrees to HCV RNA test today?<\/span> <span class=\"LeftOpDesc\">Yes<\/span> <span class=\"OpDesc\">Is Selected<\/span> "},"Type":"If"},"Type":"BooleanExpression","inPage":false}}},{"SurveyID":"SV_0DoeFz4it03sB1Q","Element":"SQ","PrimaryAttribute":"QID48","SecondaryAttribute":"Reminder - no identifying information!","TertiaryAttribute":null,"Payload":{"QuestionText":"Reminder - no identifying information!","DefaultChoices":false,"DataExportTag":"Q48","QuestionType":"TE","Selector":"ML","DataVisibility":{"Private":false,"Hidden":false},"Configuration":{"QuestionDescriptionOption":"UseText"},"QuestionDescription":"Reminder - no identifying information!","Validation":{"Settings":{"ForceResponse":"OFF","Type":"None"}},"GradingData":[],"Language":[],"NextChoiceId":4,"NextAnswerId":1,"SearchSource":{"AllowFreeResponse":"false"},"QuestionID":"QID48"}},{"SurveyID":"SV_0DoeFz4it03sB1Q","Element":"SQ","PrimaryAttribute":"QID49","SecondaryAttribute":"Encounter Date","TertiaryAttribute":null,"Payload":{"QuestionText":"Encounter Date","DefaultChoices":false,"DataExportTag":"Q1","QuestionID":"QID49","QuestionType":"TE","Selector":"SL","DataVisibility":{"Private":false,"Hidden":false},"Configuration":{"QuestionDescriptionOption":"UseText"},"QuestionDescription":"Encounter Date","Validation":{"Settings":{"ForceResponse":"OFF","ForceResponseType":"ON","Type":"ContentType","MinChars":"1","ContentType":"ValidDate","ValidDateType":"DateWithFormat","ValidPhoneType":"ValidUSPhone","ValidZipType":"ValidUSZip","ValidNumber":{"Min":"","Max":"","NumDecimals":""}}},"GradingData":[],"Language":[],"NextChoiceId":4,"NextAnswerId":1,"SearchSource":{"AllowFreeResponse":"false"}}},{"SurveyID":"SV_0DoeFz4it03sB1Q","Element":"SQ","PrimaryAttribute":"QID5","SecondaryAttribute":"ID Code","TertiaryAttribute":null,"Payload":{"QuestionText":"ID Code","DefaultChoices":false,"DataExportTag":"Q5","QuestionType":"TE","Selector":"FORM","DataVisibility":{"Private":false,"Hidden":false},"Configuration":{"QuestionDescriptionOption":"UseText"},"QuestionDescription":"ID Code","Validation":{"Settings":{"ForceResponse":"OFF","Type":null}},"GradingData":[],"Language":[],"NextChoiceId":2,"NextAnswerId":1,"SearchSource":{"AllowFreeResponse":"false"},"QuestionID":"QID5","Choices":{"1":{"Display":"Existing participant ID Code"}},"ChoiceOrder":[1],"DisplayLogic":{"0":{"0":{"LogicType":"Question","QuestionID":"QID4","QuestionIsInLoop":"no","ChoiceLocator":"q:\/\/QID4\/SelectableChoice\/1","Operator":"Selected","QuestionIDFromLocator":"QID4","LeftOperand":"q:\/\/QID4\/SelectableChoice\/1","Type":"Expression","Description":"<span class=\"ConjDesc\">If<\/span> <span class=\"QuestionDesc\">Existing participant?<\/span> <span class=\"LeftOpDesc\">Yes<\/span> <span class=\"OpDesc\">Is Selected<\/span> "},"Type":"If"},"Type":"BooleanExpression","inPage":false}}},{"SurveyID":"SV_0DoeFz4it03sB1Q","Element":"SQ","PrimaryAttribute":"QID6","SecondaryAttribute":"Unique ID Code Setup","TertiaryAttribute":null,"Payload":{"QuestionText":"Unique ID Code Setup","DefaultChoices":false,"DataExportTag":"Q6","QuestionID":"QID6","QuestionType":"TE","Selector":"FORM","DataVisibility":{"Private":false,"Hidden":false},"Configuration":{"QuestionDescriptionOption":"UseText"},"QuestionDescription":"Unique ID Code Setup","Choices":{"1":{"Display":"First & Middle Initials","TextEntryValidation":"ValidTextOnly","TextEntry":"on"},"2":{"Display":"Two-digit Day of Birth","TextEntryValidation":"ValidNumber","TextEntry":"on"},"3":{"Display":"Two-digit Year of Birth","TextEntryValidation":"ValidNumber","TextEntry":"on"},"4":{"Display":"Unique ID Code"}},"ChoiceOrder":[1,2,3,4],"Validation":{"Settings":{"ForceResponse":"OFF","Type":null}},"GradingData":[],"Language":[],"NextChoiceId":5,"NextAnswerId":1,"SearchSource":{"AllowFreeResponse":"false"},"DisplayLogic":{"0":{"0":{"LogicType":"Question","QuestionID":"QID4","QuestionIsInLoop":"no","ChoiceLocator":"q:\/\/QID4\/SelectableChoice\/2","Operator":"Selected","QuestionIDFromLocator":"QID4","LeftOperand":"q:\/\/QID4\/SelectableChoice\/2","Type":"Expression","Description":"<span class=\"ConjDesc\">If<\/span> <span class=\"QuestionDesc\">Existing participant?<\/span> <span class=\"LeftOpDesc\">No<\/span> <span class=\"OpDesc\">Is Selected<\/span> "},"Type":"If"},"Type":"BooleanExpression","inPage":false}}},{"SurveyID":"SV_0DoeFz4it03sB1Q","Element":"SQ","PrimaryAttribute":"QID7","SecondaryAttribute":"Race","TertiaryAttribute":null,"Payload":{"QuestionText":"Race","DefaultChoices":false,"DataExportTag":"Q7","QuestionID":"QID7","QuestionType":"MC","Selector":"SAVR","DataVisibility":{"Private":false,"Hidden":false},"Configuration":{"QuestionDescriptionOption":"UseText"},"QuestionDescription":"Race","Choices":{"1":{"Display":"White"},"2":{"Display":"Black or African American"},"3":{"Display":"Asian\/Pacific Islander"},"4":{"Display":"Native American"},"5":{"Display":"Multiracial"},"6":{"Display":"Other","TextEntry":"true"},"7":{"Display":"Refused or don't know"}},"ChoiceOrder":[1,2,3,4,5,6,7],"Validation":{"Settings":{"ForceResponse":"OFF","Type":"None"}},"GradingData":[],"Language":[],"NextChoiceId":8,"NextAnswerId":1,"SubSelector":"TX"}},{"SurveyID":"SV_0DoeFz4it03sB1Q","Element":"SQ","PrimaryAttribute":"QID8","SecondaryAttribute":"Hispanic Ethnicity","TertiaryAttribute":null,"Payload":{"QuestionText":"Hispanic Ethnicity","DataExportTag":"Q8","QuestionType":"MC","Selector":"SAVR","SubSelector":"TX","DataVisibility":{"Private":false,"Hidden":false},"Configuration":{"QuestionDescriptionOption":"UseText"},"QuestionDescription":"Hispanic Ethnicity","Choices":{"1":{"Display":"Yes"},"2":{"Display":"No"},"3":{"Display":"Refused or don't know"}},"ChoiceOrder":["1","2","3"],"Validation":{"Settings":{"ForceResponse":"OFF","Type":"None"}},"Language":[],"NextChoiceId":4,"NextAnswerId":1,"QuestionID":"QID8"}},{"SurveyID":"SV_0DoeFz4it03sB1Q","Element":"SQ","PrimaryAttribute":"QID9","SecondaryAttribute":"Sex Assigned at Birth","TertiaryAttribute":null,"Payload":{"QuestionText":"Sex Assigned at Birth","DataExportTag":"Q9","QuestionType":"MC","Selector":"SAVR","SubSelector":"TX","DataVisibility":{"Private":false,"Hidden":false},"Configuration":{"QuestionDescriptionOption":"UseText"},"QuestionDescription":"Sex Assigned at Birth","Choices":{"1":{"Display":"Male"},"2":{"Display":"Female"},"3":{"Display":"Intersex"},"4":{"Display":"Refused or don't know"}},"ChoiceOrder":["1","2","3","4"],"Validation":{"Settings":{"ForceResponse":"OFF","Type":"None"}},"Language":[],"NextChoiceId":5,"NextAnswerId":1,"QuestionID":"QID9"}},{"SurveyID":"SV_0DoeFz4it03sB1Q","Element":"STAT","PrimaryAttribute":"Survey Statistics","SecondaryAttribute":null,"TertiaryAttribute":null,"Payload":{"MobileCompatible":true,"ID":"Survey Statistics"}}]}